{
    "_meta": {
        "hash": {
            "sha256": "2c60bb6d778a035a48c2fba9851c9ed6c70a31497c2e6430d1010d2332903627"
        },
        "pipfile-spec": 6,
        "requires": {
            "python_version": "3.10"
        },
        "sources": [
            {
                "name": "pypi",
                "url": "https://pypi.org/simple",
                "verify_ssl": true
            }
        ]
    },
    "default": {
        "asgiref": {
            "hashes": [
                "sha256:1d2880b792ae8757289136f1db2b7b99100ce959b2aa57fd69dab783d05afac4",
                "sha256:4a29362a6acebe09bf1d6640db38c1dc3d9217c68e6f9f6204d72667fc19a424"
            ],
            "markers": "python_version >= '3.7'",
            "version": "==3.5.2"
        },
        "django": {
            "hashes": [
                "sha256:031ccb717782f6af83a0063a1957686e87cb4581ea61b47b3e9addf60687989a",
                "sha256:032f8a6fc7cf05ccd1214e4a2e21dfcd6a23b9d575c6573cacc8c67828dbe642"
            ],
            "index": "pypi",
            "version": "==4.1"
        },
        "gunicorn": {
            "hashes": [
                "sha256:9dcc4547dbb1cb284accfb15ab5667a0e5d1881cc443e0677b4882a4067a807e",
                "sha256:e0a968b5ba15f8a328fdfd7ab1fcb5af4470c28aaf7e55df02a99bc13138e6e8"
            ],
            "index": "pypi",
            "version": "==20.1.0"
        },
        "mysql-connector-python": {
            "hashes": [
                "sha256:047420715bbb51d3cba78de446c8a6db4666459cd23e168568009c620a3f5b90",
                "sha256:1bef2a4a2b529c6e9c46414100ab7032c252244e8a9e017d2b6a41bb9cea9312",
                "sha256:245087999f081b389d66621f2abfe2463e3927f63c7c4c0f70ce0f82786ccb93",
                "sha256:29ec05ded856b4da4e47239f38489c03b31673ae0f46a090d0e4e29c670e6181",
                "sha256:4de5959e27038cbd11dfccb1afaa2fd258c013e59d3e15709dd1992086103050",
                "sha256:5eef51e48b22aadd633563bbdaf02112d98d954a4ead53f72fde283ea3f88152",
                "sha256:6e2267ad75b37b5e1c480cde77cdc4f795427a54266ead30aabcdbf75ac70064",
                "sha256:7be3aeff73b85eab3af2a1e80c053a98cbcb99e142192e551ebd4c1e41ce2596",
                "sha256:895135cde57622edf48e1fce3beb4ed85f18332430d48f5c1d9630d49f7712b0",
                "sha256:89597c091c4f25b6e023cbbcd32be73affbb0b44256761fe3b8e1d4b14d14d02",
                "sha256:a7fd6a71df824f5a7d9a94060598d67b3a32eeccdc9837ee2cd98a44e2536cae",
                "sha256:ab0e9d9b5fc114b78dfa9c74e8bfa30b48fcfa17dbb9241ad6faada08a589900",
                "sha256:b7dccd7f72f19c97b58428ebf8e709e24eb7e9b67a408af7e77b60efde44bea4",
                "sha256:bed43ea3a11f8d4e7c2e3f20c891214e68b45451314f91fddf9ca701de7a53ac",
                "sha256:d5afb766b379111942d4260f29499f93355823c7241926471d843c9281fe477c",
                "sha256:f353893481476a537cca7afd4e81e0ed84dd2173932b7f1721ab3e3351cbf324",
                "sha256:fd608c288f596c4c8767d9a8e90f129385bd19ee6e3adaf6974ad8012c6138b8",
                "sha256:fdd262d8538aa504475f8860cfda939a297d3b213c8d15f7ceed52508aeb2aa3"
            ],
            "index": "pypi",
            "version": "==8.0.29"
        },
        "protobuf": {
            "hashes": [
                "sha256:011c0f267e85f5d73750b6c25f0155d5db1e9443cd3590ab669a6221dd8fcdb0",
                "sha256:3ec6f5b37935406bb9df9b277e79f8ed81d697146e07ef2ba8a5a272fb24b2c9",
                "sha256:5310cbe761e87f0c1decce019d23f2101521d4dfff46034f8a12a53546036ec7",
                "sha256:5e0b272217aad8971763960238c1a1e6a65d50ef7824e23300da97569a251c55",
                "sha256:5e0ce02418ef03d7657a420ae8fd6fec4995ac713a3cb09164e95f694dbcf085",
                "sha256:5eb0724615e90075f1d763983e708e1cef08e66b1891d8b8b6c33bc3b2f1a02b",
                "sha256:7b6f22463e2d1053d03058b7b4ceca6e4ed4c14f8c286c32824df751137bf8e7",
                "sha256:a7faa62b183d6a928e3daffd06af843b4287d16ef6e40f331575ecd236a7974d",
                "sha256:b04484d6f42f48c57dd2737a72692f4c6987529cdd148fb5b8e5f616862a2e37",
                "sha256:b52e7a522911a40445a5f588bd5b5e584291bfc5545e09b7060685e4b2ff814f",
                "sha256:bf711b451212dc5b0fa45ae7dada07d8e71a4b0ff0bc8e4783ee145f47ac4f82",
                "sha256:e5c5a2886ae48d22a9d32fbb9b6636a089af3cd26b706750258ce1ca96cc0116",
                "sha256:eb1106e87e095628e96884a877a51cdb90087106ee693925ec0a300468a9be3a",
                "sha256:ee04f5823ed98bb9a8c3b1dc503c49515e0172650875c3f76e225b223793a1f2"
            ],
            "markers": "python_version >= '3.7'",
            "version": "==4.21.5"
        },
        "python-dotenv": {
            "hashes": [
                "sha256:b7e3b04a59693c42c36f9ab1cc2acc46fa5df8c78e178fc33a8d4cd05c8d498f",
                "sha256:d92a187be61fe482e4fd675b6d52200e7be63a12b724abbf931a40ce4fa92938"
            ],
            "index": "pypi",
            "version": "==0.20.0"
        },
        "setuptools": {
            "hashes": [
                "sha256:10602cd0a6f5feab6656e9587f9075292ab777c5200f3bf00293ecd23d9f2788",
                "sha256:d2e010624c781b26ad6629a8de9832327cf853dea93894487979e55f9ad06857"
            ],
            "markers": "python_version >= '3.7'",
            "version": "==65.1.0"
        },
        "sqlparse": {
            "hashes": [
                "sha256:0c00730c74263a94e5a9919ade150dfc3b19c574389985446148402998287dae",
                "sha256:48719e356bb8b42991bdbb1e8b83223757b93789c00910a616a071910ca4a64d"
            ],
            "markers": "python_version >= '3.5'",
            "version": "==0.4.2"
        },
        "tzdata": {
            "hashes": [
                "sha256:21f4f0d7241572efa7f7a4fdabb052e61b55dc48274e6842697ccdf5253e5451",
                "sha256:c3119520447d68ef3eb8187a55a4f44fa455f30eb1b4238fa5691ba094f2b05b"
            ],
            "markers": "sys_platform == 'win32'",
            "version": "==2022.2"
        },
        "whitenoise": {
            "hashes": [
                "sha256:8e9c600a5c18bd17655ef668ad55b5edf6c24ce9bdca5bf607649ca4b1e8e2c2",
                "sha256:8fa943c6d4cd9e27673b70c21a07b0aa120873901e099cd46cab40f7cc96d567"
            ],
            "index": "pypi",
            "version": "==6.2.0"
        }
    },
    "develop": {
        "blessings": {
            "hashes": [
                "sha256:98e5854d805f50a5b58ac2333411b0482516a8210f23f43308baeb58d77c157d",
                "sha256:b1fdd7e7a675295630f9ae71527a8ebc10bfefa236b3d6aa4932ee4462c17ba3",
                "sha256:caad5211e7ba5afe04367cdd4cfc68fa886e2e08f6f35e76b7387d2109ccea6e"
            ],
            "markers": "python_version >= '2.7' and python_version not in '3.0, 3.1, 3.2, 3.3'",
            "version": "==1.7"
        },
        "bpython": {
            "hashes": [
                "sha256:1fb1e0a52332579fc4e3dcf75e21796af67aae2be460179ecfcce9530a49a200",
                "sha256:27ab07d64b9f0268990612aa5c1ab7be8705aa819b14b72c9e4b3b0418458937"
            ],
            "index": "pypi",
            "version": "==0.22.1"
        },
        "certifi": {
            "hashes": [
                "sha256:84c85a9078b11105f04f3036a9482ae10e4621616db313fe045dd24743a0820d",
                "sha256:fe86415d55e84719d75f8b69414f6438ac3547d2078ab91b67e779ef69378412"
            ],
            "markers": "python_version >= '3.6'",
            "version": "==2022.6.15"
        },
        "charset-normalizer": {
            "hashes": [
                "sha256:5a3d016c7c547f69d6f81fb0db9449ce888b418b5b9952cc5e6e66843e9dd845",
                "sha256:83e9a75d1911279afd89352c68b45348559d1fc0506b054b346651b5e7fee29f"
            ],
            "markers": "python_version >= '3.6'",
            "version": "==2.1.1"
        },
        "curtsies": {
            "hashes": [
                "sha256:11efbb153d9cb22223dd9a44041ea0c313b8411e246e7f684aa843f6aa9c1600"
            ],
            "markers": "python_version >= '3.6'",
            "version": "==0.3.10"
        },
        "cwcwidth": {
            "hashes": [
                "sha256:06d84670b94bef8e2f37aaf7c1803b9d0ffb22488a9745c68ad23f5ce2e487ea",
                "sha256:07cecd5ed9e463706926871c08f284ea46669a56f059aff8d4cebf8a6f9949a1",
                "sha256:0d664e2805b54a81b591fe1edaddfb2c86ad3446139e3de439c431f06bbdfe4d",
                "sha256:163ace31c3b42d6f8c4ec26d4b1ca93c854914c097ce6592e7bbcfafd7b6820d",
                "sha256:1c798850df8bcdb500b179e42dd83f2d7a3adbdf30b06f8e06883096c8f50e85",
                "sha256:22ddd632fe3c66f3fdef3dc4e3439db926a7f4e22994df66beccbe3751ddd044",
                "sha256:2887e87582f5d983f95c5884f4a5a541ddbe0625d7254153fd570f5392493085",
                "sha256:2abc8f1917f82b89a3a54f51f810728f939924a725d7b6237bc3d0fe96c4331a",
                "sha256:359a44ecb6cabea8aa677a81804f056df99ae3173ca81d02789c5081f4dfe12b",
                "sha256:403768aedcfc9f23c2f47f2ab78997ea7f7f251cd0e1e19a8e0ef3c49258c1de",
                "sha256:40988ea1d79330c8283e8831f574b6bcc6fe2cc92718e563d8ca0f9eaaa71648",
                "sha256:4741cd7a227c1ce48b248979cb4d93c1b3719df46400eec870afb423f3e934fe",
                "sha256:52692915ebedb8d1f42809318cb254318552e0f87cd7884c2908654a5b8fe5f9",
                "sha256:54b7dd4830753dfa3cc272a76bbcea87a9ccf87f4e40a155e0d4974da3d7aff4",
                "sha256:5d2bc7b02a071d37313b665d2d9b0728832be23d914fe2d424b4d24c5270e52e",
                "sha256:5e906520a3e325288825e4e5605ee8214b66311872de1649f5060e5afaa93674",
                "sha256:5fdf7e8b24b1a8575ab1c61ffcc8c4a5bd9e5445a882f0fe7475cd3a43f7e287",
                "sha256:60d7b0cb1e5f7b243c9afe4394c7a60b519c65a9e33c2e125fdb4af37b812701",
                "sha256:64eafa51cf4c0bba2a392d5edad82edf35dc89c1823415cdf1e11eed27084af2",
                "sha256:8ba166203108e196a9a13c394fa6799d8f3f18dad69a1b98cf7105fcb064194f",
                "sha256:a158173b537325369033093ce4e5738f88f0d1bd718d22f095d5bd959cd08907",
                "sha256:c05106b2c5ac83fa6c525811ad25b6e6ff5a9ee5dc8c886cf7a71a08e08087b3",
                "sha256:c0d647e12e3a4b15a881e1d84f796937516648489e011257237dc2179d6b1951",
                "sha256:d7228a3f795ae703e4c58fda119e6fab63e47449c88255a387547ab0530343cb",
                "sha256:d9c2ebd17a0e939621acc23d8306e6760528470566c89c3f34c3ab22ea18602a",
                "sha256:de752d2c3105e914eddeb6601ef8340716e96eacd07f38a118424430850ef829",
                "sha256:fbd6c27d16b90dc9f06c0958ac03cc7eba7187ae1aaa2ca34716960f77f321a8",
                "sha256:ff273f2d38afbead290c86a673c519020adfdfc33009e813ea00c9836e7891a4",
                "sha256:ff675be51cb5815190384659dbcd16a4e7018df8ca0fcd922d313f1ff68634e4"
            ],
            "markers": "python_version >= '3.7'",
            "version": "==0.1.7"
        },
        "greenlet": {
            "hashes": [
                "sha256:0051c6f1f27cb756ffc0ffbac7d2cd48cb0362ac1736871399a739b2885134d3",
                "sha256:00e44c8afdbe5467e4f7b5851be223be68adb4272f44696ee71fe46b7036a711",
                "sha256:013d61294b6cd8fe3242932c1c5e36e5d1db2c8afb58606c5a67efce62c1f5fd",
                "sha256:049fe7579230e44daef03a259faa24511d10ebfa44f69411d99e6a184fe68073",
                "sha256:14d4f3cd4e8b524ae9b8aa567858beed70c392fdec26dbdb0a8a418392e71708",
                "sha256:166eac03e48784a6a6e0e5f041cfebb1ab400b394db188c48b3a84737f505b67",
                "sha256:17ff94e7a83aa8671a25bf5b59326ec26da379ace2ebc4411d690d80a7fbcf23",
                "sha256:1e12bdc622676ce47ae9abbf455c189e442afdde8818d9da983085df6312e7a1",
                "sha256:21915eb821a6b3d9d8eefdaf57d6c345b970ad722f856cd71739493ce003ad08",
                "sha256:288c6a76705dc54fba69fbcb59904ae4ad768b4c768839b8ca5fdadec6dd8cfd",
                "sha256:2bde6792f313f4e918caabc46532aa64aa27a0db05d75b20edfc5c6f46479de2",
                "sha256:32ca72bbc673adbcfecb935bb3fb1b74e663d10a4b241aaa2f5a75fe1d1f90aa",
                "sha256:356b3576ad078c89a6107caa9c50cc14e98e3a6c4874a37c3e0273e4baf33de8",
                "sha256:40b951f601af999a8bf2ce8c71e8aaa4e8c6f78ff8afae7b808aae2dc50d4c40",
                "sha256:572e1787d1460da79590bf44304abbc0a2da944ea64ec549188fa84d89bba7ab",
                "sha256:58df5c2a0e293bf665a51f8a100d3e9956febfbf1d9aaf8c0677cf70218910c6",
                "sha256:64e6175c2e53195278d7388c454e0b30997573f3f4bd63697f88d855f7a6a1fc",
                "sha256:7227b47e73dedaa513cdebb98469705ef0d66eb5a1250144468e9c3097d6b59b",
                "sha256:7418b6bfc7fe3331541b84bb2141c9baf1ec7132a7ecd9f375912eca810e714e",
                "sha256:7cbd7574ce8e138bda9df4efc6bf2ab8572c9aff640d8ecfece1b006b68da963",
                "sha256:7ff61ff178250f9bb3cd89752df0f1dd0e27316a8bd1465351652b1b4a4cdfd3",
                "sha256:833e1551925ed51e6b44c800e71e77dacd7e49181fdc9ac9a0bf3714d515785d",
                "sha256:8639cadfda96737427330a094476d4c7a56ac03de7265622fcf4cfe57c8ae18d",
                "sha256:8c5d5b35f789a030ebb95bff352f1d27a93d81069f2adb3182d99882e095cefe",
                "sha256:8c790abda465726cfb8bb08bd4ca9a5d0a7bd77c7ac1ca1b839ad823b948ea28",
                "sha256:8d2f1fb53a421b410751887eb4ff21386d119ef9cde3797bf5e7ed49fb51a3b3",
                "sha256:903bbd302a2378f984aef528f76d4c9b1748f318fe1294961c072bdc7f2ffa3e",
                "sha256:93f81b134a165cc17123626ab8da2e30c0455441d4ab5576eed73a64c025b25c",
                "sha256:95e69877983ea39b7303570fa6760f81a3eec23d0e3ab2021b7144b94d06202d",
                "sha256:9633b3034d3d901f0a46b7939f8c4d64427dfba6bbc5a36b1a67364cf148a1b0",
                "sha256:97e5306482182170ade15c4b0d8386ded995a07d7cc2ca8f27958d34d6736497",
                "sha256:9f3cba480d3deb69f6ee2c1825060177a22c7826431458c697df88e6aeb3caee",
                "sha256:aa5b467f15e78b82257319aebc78dd2915e4c1436c3c0d1ad6f53e47ba6e2713",
                "sha256:abb7a75ed8b968f3061327c433a0fbd17b729947b400747c334a9c29a9af6c58",
                "sha256:aec52725173bd3a7b56fe91bc56eccb26fbdff1386ef123abb63c84c5b43b63a",
                "sha256:b11548073a2213d950c3f671aa88e6f83cda6e2fb97a8b6317b1b5b33d850e06",
                "sha256:b1692f7d6bc45e3200844be0dba153612103db241691088626a33ff1f24a0d88",
                "sha256:b336501a05e13b616ef81ce329c0e09ac5ed8c732d9ba7e3e983fcc1a9e86965",
                "sha256:b8c008de9d0daba7b6666aa5bbfdc23dcd78cafc33997c9b7741ff6353bafb7f",
                "sha256:b92e29e58bef6d9cfd340c72b04d74c4b4e9f70c9fa7c78b674d1fec18896dc4",
                "sha256:be5f425ff1f5f4b3c1e33ad64ab994eed12fc284a6ea71c5243fd564502ecbe5",
                "sha256:dd0b1e9e891f69e7675ba5c92e28b90eaa045f6ab134ffe70b52e948aa175b3c",
                "sha256:e30f5ea4ae2346e62cedde8794a56858a67b878dd79f7df76a0767e356b1744a",
                "sha256:e6a36bb9474218c7a5b27ae476035497a6990e21d04c279884eb10d9b290f1b1",
                "sha256:e859fcb4cbe93504ea18008d1df98dee4f7766db66c435e4882ab35cf70cac43",
                "sha256:eb6ea6da4c787111adf40f697b4e58732ee0942b5d3bd8f435277643329ba627",
                "sha256:ec8c433b3ab0419100bd45b47c9c8551248a5aee30ca5e9d399a0b57ac04651b",
                "sha256:eff9d20417ff9dcb0d25e2defc2574d10b491bf2e693b4e491914738b7908168",
                "sha256:f0214eb2a23b85528310dad848ad2ac58e735612929c8072f6093f3585fd342d",
                "sha256:f276df9830dba7a333544bd41070e8175762a7ac20350786b322b714b0e654f5",
                "sha256:f3acda1924472472ddd60c29e5b9db0cec629fbe3c5c5accb74d6d6d14773478",
                "sha256:f70a9e237bb792c7cc7e44c531fd48f5897961701cdaa06cf22fc14965c496cf",
                "sha256:f9d29ca8a77117315101425ec7ec2a47a22ccf59f5593378fc4077ac5b754fce",
                "sha256:fa877ca7f6b48054f847b61d6fa7bed5cebb663ebc55e018fda12db09dcc664c",
                "sha256:fdcec0b8399108577ec290f55551d926d9a1fa6cad45882093a7a07ac5ec147b"
            ],
            "markers": "python_version >= '2.7' and python_version not in '3.0, 3.1, 3.2, 3.3, 3.4'",
            "version": "==1.1.2"
        },
        "idna": {
            "hashes": [
                "sha256:84d9dd047ffa80596e0f246e2eab0b391788b0503584e8945f2368256d2735ff",
                "sha256:9d643ff0a55b762d5cdb124b8eaa99c66322e2157b69160bc32796e824360e6d"
            ],
            "markers": "python_version >= '3.5'",
            "version": "==3.3"
        },
        "pygments": {
            "hashes": [
                "sha256:56a8508ae95f98e2b9bdf93a6be5ae3f7d8af858b43e02c5a2ff083726be40c1",
                "sha256:f643f331ab57ba3c9d89212ee4a2dabc6e94f117cf4eefde99a0574720d14c42"
            ],
            "markers": "python_version >= '3.6'",
            "version": "==2.13.0"
        },
        "pyxdg": {
            "hashes": [
                "sha256:3267bb3074e934df202af2ee0868575484108581e6f3cb006af1da35395e88b4",
                "sha256:bdaf595999a0178ecea4052b7f4195569c1ff4d344567bccdc12dfdf02d545ab"
            ],
            "version": "==0.28"
        },
        "requests": {
            "hashes": [
                "sha256:7c5599b102feddaa661c826c56ab4fee28bfd17f5abca1ebbe3e7f19d7c97983",
                "sha256:8fefa2a1a1365bf5520aac41836fbee479da67864514bdb821f31ce07ce65349"
            ],
            "markers": "python_version >= '3.7' and python_version < '4'",
            "version": "==2.28.1"
        },
        "six": {
            "hashes": [
                "sha256:1e61c37477a1626458e36f7b1d82aa5c9b094fa4802892072e49de9c60c4c926",
                "sha256:8abb2f1d86890a2dfb989f9a77cfcfd3e47c2a354b01111771326f8aa26e0254"
            ],
            "markers": "python_version >= '2.7' and python_version not in '3.0, 3.1, 3.2, 3.3'",
            "version": "==1.16.0"
        },
        "typing-extensions": {
            "hashes": [
                "sha256:25642c956049920a5aa49edcdd6ab1e06d7e5d467fc00e0506c44ac86fbfca02",
                "sha256:e6d2677a32f47fc7eb2795db1dd15c1f34eff616bcaf2cfb5e997f854fa1c4a6"
            ],
            "markers": "python_version >= '3.7'",
            "version": "==4.3.0"
        },
        "urllib3": {
            "hashes": [
                "sha256:c33ccba33c819596124764c23a97d25f32b28433ba0dedeb77d873a38722c9bc",
                "sha256:ea6e8fb210b19d950fab93b60c9009226c63a28808bc8386e05301e25883ac0a"
            ],
            "markers": "python_version >= '2.7' and python_version not in '3.0, 3.1, 3.2, 3.3, 3.4, 3.5' and python_version < '4'",
            "version": "==1.26.11"
        }
    }
}
